
Microsoft Visual Studio Solution File, Format Version 12.00
Project("{FAE04EC0-301F-11D3-BF4B-00C04F79EFBC}") = "Ubiquitous.Metrics", "src\Ubiquitous.Metrics\Ubiquitous.Metrics.csproj", "{40B5BCDD-A82B-41C5-B721-AF1E95E41FDF}"
EndProject
Project("{FAE04EC0-301F-11D3-BF4B-00C04F79EFBC}") = "Ubiquitous.Metrics.Prometheus", "src\Ubiquitous.Metrics.Prometheus\Ubiquitous.Metrics.Prometheus.csproj", "{ADEF7CBE-D1CB-45BB-A105-B7E27A7A9B76}"
EndProject
Project("{FAE04EC0-301F-11D3-BF4B-00C04F79EFBC}") = "Ubiquitous.Metrics.Diagnostics", "src\Ubiquitous.Metrics.Diagnostics\Ubiquitous.Metrics.Diagnostics.csproj", "{EBB37C0B-729C-44B2-AA22-A76E6FE2B960}"
EndProject
Project("{2150E333-8FDC-42A3-9474-1A3956D46DE8}") = "Providers", "Providers", "{9D8B5837-914A-4683-A7AA-18E05EEAA8CD}"
EndProject
Project("{FAE04EC0-301F-11D3-BF4B-00C04F79EFBC}") = "Ubiquitous.Metrics.Dogstatsd", "src\Ubiquitous.Metrics.Dogstatsd\Ubiquitous.Metrics.Dogstatsd.csproj", "{DB2E241F-E447-406B-AE16-1D908FE0CDEC}"
EndProject
Project("{FAE04EC0-301F-11D3-BF4B-00C04F79EFBC}") = "Ubiquitous.Metrics.MicrosoftLog", "src\Ubiquitous.Metrics.MicrosoftLog\Ubiquitous.Metrics.MicrosoftLog.csproj", "{127825BC-ACCB-488C-9821-AF539474E627}"
EndProject
Project("{2150E333-8FDC-42A3-9474-1A3956D46DE8}") = "Tests", "Tests", "{FCC6B170-077B-456D-9D82-5C9FE0F43B05}"
EndProject
Project("{FAE04EC0-301F-11D3-BF4B-00C04F79EFBC}") = "Ubiquitous.Metrics.DogstatsdTests", "test\Ubiquitous.Metrics.DogstatsdTests\Ubiquitous.Metrics.DogstatsdTests.csproj", "{0B906251-A1F8-483C-B38B-CEF42542F4D5}"
EndProject
Project("{FAE04EC0-301F-11D3-BF4B-00C04F79EFBC}") = "Ubiquitous.Metrics.Tests", "test\Ubiquitous.Metrics.Tests\Ubiquitous.Metrics.Tests.csproj", "{11674751-77D7-4267-8BF3-F626CD563100}"
EndProject
Global
	GlobalSection(SolutionConfigurationPlatforms) = preSolution
		Debug|Any CPU = Debug|Any CPU
		Release|Any CPU = Release|Any CPU
	EndGlobalSection
	GlobalSection(ProjectConfigurationPlatforms) = postSolution
		{40B5BCDD-A82B-41C5-B721-AF1E95E41FDF}.Debug|Any CPU.ActiveCfg = Debug|Any CPU
		{40B5BCDD-A82B-41C5-B721-AF1E95E41FDF}.Debug|Any CPU.Build.0 = Debug|Any CPU
		{40B5BCDD-A82B-41C5-B721-AF1E95E41FDF}.Release|Any CPU.ActiveCfg = Release|Any CPU
		{40B5BCDD-A82B-41C5-B721-AF1E95E41FDF}.Release|Any CPU.Build.0 = Release|Any CPU
		{ADEF7CBE-D1CB-45BB-A105-B7E27A7A9B76}.Debug|Any CPU.ActiveCfg = Debug|Any CPU
		{ADEF7CBE-D1CB-45BB-A105-B7E27A7A9B76}.Debug|Any CPU.Build.0 = Debug|Any CPU
		{ADEF7CBE-D1CB-45BB-A105-B7E27A7A9B76}.Release|Any CPU.ActiveCfg = Release|Any CPU
		{ADEF7CBE-D1CB-45BB-A105-B7E27A7A9B76}.Release|Any CPU.Build.0 = Release|Any CPU
		{EBB37C0B-729C-44B2-AA22-A76E6FE2B960}.Debug|Any CPU.ActiveCfg = Debug|Any CPU
		{EBB37C0B-729C-44B2-AA22-A76E6FE2B960}.Debug|Any CPU.Build.0 = Debug|Any CPU
		{EBB37C0B-729C-44B2-AA22-A76E6FE2B960}.Release|Any CPU.ActiveCfg = Release|Any CPU
		{EBB37C0B-729C-44B2-AA22-A76E6FE2B960}.Release|Any CPU.Build.0 = Release|Any CPU
		{DB2E241F-E447-406B-AE16-1D908FE0CDEC}.Debug|Any CPU.ActiveCfg = Debug|Any CPU
		{DB2E241F-E447-406B-AE16-1D908FE0CDEC}.Debug|Any CPU.Build.0 = Debug|Any CPU
		{DB2E241F-E447-406B-AE16-1D908FE0CDEC}.Release|Any CPU.ActiveCfg = Release|Any CPU
		{DB2E241F-E447-406B-AE16-1D908FE0CDEC}.Release|Any CPU.Build.0 = Release|Any CPU
		{127825BC-ACCB-488C-9821-AF539474E627}.Debug|Any CPU.ActiveCfg = Debug|Any CPU
		{127825BC-ACCB-488C-9821-AF539474E627}.Debug|Any CPU.Build.0 = Debug|Any CPU
		{127825BC-ACCB-488C-9821-AF539474E627}.Release|Any CPU.ActiveCfg = Release|Any CPU
		{127825BC-ACCB-488C-9821-AF539474E627}.Release|Any CPU.Build.0 = Release|Any CPU
		{0B906251-A1F8-483C-B38B-CEF42542F4D5}.Debug|Any CPU.ActiveCfg = Debug|Any CPU
		{0B906251-A1F8-483C-B38B-CEF42542F4D5}.Debug|Any CPU.Build.0 = Debug|Any CPU
		{0B906251-A1F8-483C-B38B-CEF42542F4D5}.Release|Any CPU.ActiveCfg = Release|Any CPU
		{0B906251-A1F8-483C-B38B-CEF42542F4D5}.Release|Any CPU.Build.0 = Release|Any CPU
		{11674751-77D7-4267-8BF3-F626CD563100}.Debug|Any CPU.ActiveCfg = Debug|Any CPU
		{11674751-77D7-4267-8BF3-F626CD563100}.Debug|Any CPU.Build.0 = Debug|Any CPU
		{11674751-77D7-4267-8BF3-F626CD563100}.Release|Any CPU.ActiveCfg = Release|Any CPU
		{11674751-77D7-4267-8BF3-F626CD563100}.Release|Any CPU.Build.0 = Release|Any CPU
	EndGlobalSection
	GlobalSection(NestedProjects) = preSolution
		{ADEF7CBE-D1CB-45BB-A105-B7E27A7A9B76} = {9D8B5837-914A-4683-A7AA-18E05EEAA8CD}
		{DB2E241F-E447-406B-AE16-1D908FE0CDEC} = {9D8B5837-914A-4683-A7AA-18E05EEAA8CD}
		{127825BC-ACCB-488C-9821-AF539474E627} = {9D8B5837-914A-4683-A7AA-18E05EEAA8CD}
		{0B906251-A1F8-483C-B38B-CEF42542F4D5} = {FCC6B170-077B-456D-9D82-5C9FE0F43B05}
		{11674751-77D7-4267-8BF3-F626CD563100} = {FCC6B170-077B-456D-9D82-5C9FE0F43B05}
	EndGlobalSection
EndGlobal
